
Microsoft Visual Studio Solution File, Format Version 12.00
# Visual Studio 2012
Project("{FAE04EC0-301F-11D3-BF4B-00C04F79EFBC}") = "MvvmCrossTest.Core", "MvvmCrossTest.Core\MvvmCrossTest.Core.csproj", "{B5B846CC-D6D5-497D-AD38-53C54346117B}"
EndProject
Project("{FAE04EC0-301F-11D3-BF4B-00C04F79EFBC}") = "MvvmCrossTest.Tst", "MvvmCrossTest.Tst\MvvmCrossTest.Tst.csproj", "{FEC7E1D6-0AA2-4793-90BF-841CE004C964}"
EndProject
Project("{FAE04EC0-301F-11D3-BF4B-00C04F79EFBC}") = "MvvmCrossAnd.Tst", "MvvmCrossAnd.Tst\MvvmCrossAnd.Tst.csproj", "{9F7ACBDC-B9EC-4153-9E68-7FF3A3A93171}"
EndProject
Global
	GlobalSection(SolutionConfigurationPlatforms) = preSolution
		Debug|Any CPU = Debug|Any CPU
		Release|Any CPU = Release|Any CPU
		Debug|iPhoneSimulator = Debug|iPhoneSimulator
		Release|iPhone = Release|iPhone
		Release|iPhoneSimulator = Release|iPhoneSimulator
		Debug|iPhone = Debug|iPhone
	EndGlobalSection
	GlobalSection(ProjectConfigurationPlatforms) = postSolution
		{B5B846CC-D6D5-497D-AD38-53C54346117B}.Debug|Any CPU.ActiveCfg = Debug|Any CPU
		{B5B846CC-D6D5-497D-AD38-53C54346117B}.Debug|Any CPU.Build.0 = Debug|Any CPU
		{B5B846CC-D6D5-497D-AD38-53C54346117B}.Release|Any CPU.ActiveCfg = Release|Any CPU
		{B5B846CC-D6D5-497D-AD38-53C54346117B}.Release|Any CPU.Build.0 = Release|Any CPU
		{B5B846CC-D6D5-497D-AD38-53C54346117B}.Debug|iPhoneSimulator.ActiveCfg = Debug|Any CPU
		{B5B846CC-D6D5-497D-AD38-53C54346117B}.Debug|iPhoneSimulator.Build.0 = Debug|Any CPU
		{B5B846CC-D6D5-497D-AD38-53C54346117B}.Release|iPhone.ActiveCfg = Release|Any CPU
		{B5B846CC-D6D5-497D-AD38-53C54346117B}.Release|iPhone.Build.0 = Release|Any CPU
		{B5B846CC-D6D5-497D-AD38-53C54346117B}.Release|iPhoneSimulator.ActiveCfg = Release|Any CPU
		{B5B846CC-D6D5-497D-AD38-53C54346117B}.Release|iPhoneSimulator.Build.0 = Release|Any CPU
		{B5B846CC-D6D5-497D-AD38-53C54346117B}.Debug|iPhone.ActiveCfg = Debug|Any CPU
		{B5B846CC-D6D5-497D-AD38-53C54346117B}.Debug|iPhone.Build.0 = Debug|Any CPU
		{FEC7E1D6-0AA2-4793-90BF-841CE004C964}.Debug|Any CPU.ActiveCfg = Debug|iPhoneSimulator
		{FEC7E1D6-0AA2-4793-90BF-841CE004C964}.Debug|Any CPU.Build.0 = Debug|iPhoneSimulator
		{FEC7E1D6-0AA2-4793-90BF-841CE004C964}.Release|Any CPU.ActiveCfg = Release|iPhone
		{FEC7E1D6-0AA2-4793-90BF-841CE004C964}.Release|Any CPU.Build.0 = Release|iPhone
		{FEC7E1D6-0AA2-4793-90BF-841CE004C964}.Debug|iPhoneSimulator.ActiveCfg = Debug|iPhoneSimulator
		{FEC7E1D6-0AA2-4793-90BF-841CE004C964}.Debug|iPhoneSimulator.Build.0 = Debug|iPhoneSimulator
		{FEC7E1D6-0AA2-4793-90BF-841CE004C964}.Release|iPhone.ActiveCfg = Release|iPhone
		{FEC7E1D6-0AA2-4793-90BF-841CE004C964}.Release|iPhone.Build.0 = Release|iPhone
		{FEC7E1D6-0AA2-4793-90BF-841CE004C964}.Release|iPhoneSimulator.ActiveCfg = Release|iPhoneSimulator
		{FEC7E1D6-0AA2-4793-90BF-841CE004C964}.Release|iPhoneSimulator.Build.0 = Release|iPhoneSimulator
		{FEC7E1D6-0AA2-4793-90BF-841CE004C964}.Debug|iPhone.ActiveCfg = Debug|iPhone
		{FEC7E1D6-0AA2-4793-90BF-841CE004C964}.Debug|iPhone.Build.0 = Debug|iPhone
		{9F7ACBDC-B9EC-4153-9E68-7FF3A3A93171}.Debug|Any CPU.ActiveCfg = Debug|Any CPU
		{9F7ACBDC-B9EC-4153-9E68-7FF3A3A93171}.Debug|Any CPU.Build.0 = Debug|Any CPU
		{9F7ACBDC-B9EC-4153-9E68-7FF3A3A93171}.Release|Any CPU.ActiveCfg = Release|Any CPU
		{9F7ACBDC-B9EC-4153-9E68-7FF3A3A93171}.Release|Any CPU.Build.0 = Release|Any CPU
		{9F7ACBDC-B9EC-4153-9E68-7FF3A3A93171}.Debug|iPhoneSimulator.ActiveCfg = Debug|Any CPU
		{9F7ACBDC-B9EC-4153-9E68-7FF3A3A93171}.Debug|iPhoneSimulator.Build.0 = Debug|Any CPU
		{9F7ACBDC-B9EC-4153-9E68-7FF3A3A93171}.Release|iPhone.ActiveCfg = Release|Any CPU
		{9F7ACBDC-B9EC-4153-9E68-7FF3A3A93171}.Release|iPhone.Build.0 = Release|Any CPU
		{9F7ACBDC-B9EC-4153-9E68-7FF3A3A93171}.Release|iPhoneSimulator.ActiveCfg = Release|Any CPU
		{9F7ACBDC-B9EC-4153-9E68-7FF3A3A93171}.Release|iPhoneSimulator.Build.0 = Release|Any CPU
		{9F7ACBDC-B9EC-4153-9E68-7FF3A3A93171}.Debug|iPhone.ActiveCfg = Debug|Any CPU
		{9F7ACBDC-B9EC-4153-9E68-7FF3A3A93171}.Debug|iPhone.Build.0 = Debug|Any CPU
	EndGlobalSection
EndGlobal
